Microsoft Visual Studio Solution File, Format Version 12.00
# Visual Studio Version 16
VisualStudioVersion = 16.0.30413.136
MinimumVisualStudioVersion = 15.0.26124.0
Project("{9A19103F-16F7-4668-BE54-9A1E7A4F7556}") = "SportsStore", "SportsStore\SportsStore.csproj", "{B2C13163-475B-4F1F-9DDD-25806F256655}"
EndProject
Project("{9A19103F-16F7-4668-BE54-9A1E7A4F7556}") = "SportsStore.Tests", "SportsStore.Tests\SportsStore.Tests.csproj", "{E256D91E-DF07-4266-BA45-FE1301669D67}"
EndProject
Global
	GlobalSection(SolutionConfigurationPlatforms) = preSolution
		Debug|Any CPU = Debug|Any CPU
		Debug|x64 = Debug|x64
		Debug|x86 = Debug|x86
		Release|Any CPU = Release|Any CPU
		Release|x64 = Release|x64
		Release|x86 = Release|x86
	EndGlobalSection
	GlobalSection(ProjectConfigurationPlatforms) = postSolution
		{B2C13163-475B-4F1F-9DDD-25806F256655}.Debug|Any CPU.ActiveCfg = Debug|Any CPU
		{B2C13163-475B-4F1F-9DDD-25806F256655}.Debug|Any CPU.Build.0 = Debug|Any CPU
		{B2C13163-475B-4F1F-9DDD-25806F256655}.Debug|x64.ActiveCfg = Debug|Any CPU
		{B2C13163-475B-4F1F-9DDD-25806F256655}.Debug|x64.Build.0 = Debug|Any CPU
		{B2C13163-475B-4F1F-9DDD-25806F256655}.Debug|x86.ActiveCfg = Debug|Any CPU
		{B2C13163-475B-4F1F-9DDD-25806F256655}.Debug|x86.Build.0 = Debug|Any CPU
		{B2C13163-475B-4F1F-9DDD-25806F256655}.Release|Any CPU.ActiveCfg = Release|Any CPU
		{B2C13163-475B-4F1F-9DDD-25806F256655}.Release|Any CPU.Build.0 = Release|Any CPU
		{B2C13163-475B-4F1F-9DDD-25806F256655}.Release|x64.ActiveCfg = Release|Any CPU
		{B2C13163-475B-4F1F-9DDD-25806F256655}.Release|x64.Build.0 = Release|Any CPU
		{B2C13163-475B-4F1F-9DDD-25806F256655}.Release|x86.ActiveCfg = Release|Any CPU
		{B2C13163-475B-4F1F-9DDD-25806F256655}.Release|x86.Build.0 = Release|Any CPU
		{E256D91E-DF07-4266-BA45-FE1301669D67}.Debug|Any CPU.ActiveCfg = Debug|Any CPU
		{E256D91E-DF07-4266-BA45-FE1301669D67}.Debug|Any CPU.Build.0 = Debug|Any CPU
		{E256D91E-DF07-4266-BA45-FE1301669D67}.Debug|x64.ActiveCfg = Debug|Any CPU
		{E256D91E-DF07-4266-BA45-FE1301669D67}.Debug|x64.Build.0 = Debug|Any CPU
		{E256D91E-DF07-4266-BA45-FE1301669D67}.Debug|x86.ActiveCfg = Debug|Any CPU
		{E256D91E-DF07-4266-BA45-FE1301669D67}.Debug|x86.Build.0 = Debug|Any CPU
		{E256D91E-DF07-4266-BA45-FE1301669D67}.Release|Any CPU.ActiveCfg = Release|Any CPU
		{E256D91E-DF07-4266-BA45-FE1301669D67}.Release|Any CPU.Build.0 = Release|Any CPU
		{E256D91E-DF07-4266-BA45-FE1301669D67}.Release|x64.ActiveCfg = Release|Any CPU
		{E256D91E-DF07-4266-BA45-FE1301669D67}.Release|x64.Build.0 = Release|Any CPU
		{E256D91E-DF07-4266-BA45-FE1301669D67}.Release|x86.ActiveCfg = Release|Any CPU
		{E256D91E-DF07-4266-BA45-FE1301669D67}.Release|x86.Build.0 = Release|Any CPU
	EndGlobalSection
	GlobalSection(SolutionProperties) = preSolution
		HideSolutionNode = FALSE
	EndGlobalSection
	GlobalSection(ExtensibilityGlobals) = postSolution
		SolutionGuid = {688115FE-1885-4177-86FC-0D9850CAF864}
	EndGlobalSection
EndGlobal
